
Microsoft Visual Studio Solution File, Format Version 12.00
# Visual Studio Version 17
VisualStudioVersion = 17.14.36414.22 d17.14
MinimumVisualStudioVersion = 10.0.40219.1
Project("{FAE04EC0-301F-11D3-BF4B-00C04F79EFBC}") = "Prueba_01_Jurado_Cristian", "Prueba_01_Jurado_Cristian\Prueba_01_Jurado_Cristian.csproj", "{0A3B1702-FBBF-4360-88AE-109291E75F03}"
EndProject
Global
	GlobalSection(SolutionConfigurationPlatforms) = preSolution
		Debug|Any CPU = Debug|Any CPU
		Release|Any CPU = Release|Any CPU
	EndGlobalSection
	GlobalSection(ProjectConfigurationPlatforms) = postSolution
		{0A3B1702-FBBF-4360-88AE-109291E75F03}.Debug|Any CPU.ActiveCfg = Debug|Any CPU
		{0A3B1702-FBBF-4360-88AE-109291E75F03}.Debug|Any CPU.Build.0 = Debug|Any CPU
		{0A3B1702-FBBF-4360-88AE-109291E75F03}.Release|Any CPU.ActiveCfg = Release|Any CPU
		{0A3B1702-FBBF-4360-88AE-109291E75F03}.Release|Any CPU.Build.0 = Release|Any CPU
	EndGlobalSection
	GlobalSection(SolutionProperties) = preSolution
		HideSolutionNode = FALSE
	EndGlobalSection
	GlobalSection(ExtensibilityGlobals) = postSolution
		SolutionGuid = {132207D7-AC31-454C-A5B5-4269177CB56D}
	EndGlobalSection
EndGlobal
